dependencies:
  espressif/esp_lcd_touch:
    component_hash: 779b4ba2464a3ae85681e4b860caa5fdc35801458c23f3039ee761bae7f442a4
    source:
      service_url: https://api.components.espressif.com/
      type: service
    version: 1.1.2
  espressif/esp_lcd_touch_ft5x06:
    component_hash: 97759953d9436a365e9427078c5b04ecce4e6a50f50cf62c68cd6bfa229b812c
    source:
      service_url: https://api.components.espressif.com/
      type: service
    version: 1.0.6
  espressif/esp_lcd_touch_gt911:
    component_hash: 664c544533b91497f29b41e045bb4374a0d4d002f9d8c67c7c1bf43fb4179e3f
    source:
      service_url: https://api.components.espressif.com/
      type: service
    version: 1.1.1
  espressif/esp_lcd_touch_tt21100:
    component_hash: 3670f6f3d68c120d680d70ffdf2dc10f6c2a5bea8c0e87521fb92ac2af1f94c5
    source:
      service_url: https://api.components.espressif.com/
      type: service
    version: 1.1.0
  idf:
    component_hash: null
    source:
      type: idf
    version: 5.1.0
  lvgl/lvgl:
    component_hash: 948bff879a345149b83065535bbc4a026ce9f47498a22881e432a264b9098015
    source:
      service_url: https://api.components.espressif.com/
      type: service
    version: 8.3.11
manifest_hash: 47c2a0d4e698374135f3a6d3feab588400daebf4c6ce78cf05c14d756ac2bb0a
target: esp32s3
version: 1.0.0
